
Microsoft Visual Studio Solution File, Format Version 12.00
# Visual Studio 15
VisualStudioVersion = 15.0.28010.2016
MinimumVisualStudioVersion = 10.0.40219.1
Project("{FAE04EC0-301F-11D3-BF4B-00C04F79EFBC}") = "Course Work", "Course Work\Course Work.csproj", "{8136052A-F13B-4599-B967-022A2709F09F}"
EndProject
Project("{FAE04EC0-301F-11D3-BF4B-00C04F79EFBC}") = "ModelLibrary", "ClassLibrary\ModelLibrary.csproj", "{C6F1F340-7AE8-458A-A4F1-51BD8C95FC77}"
EndProject
Global
	GlobalSection(SolutionConfigurationPlatforms) = preSolution
		Debug|Any CPU = Debug|Any CPU
		Debug|ARM = Debug|ARM
		Debug|x64 = Debug|x64
		Debug|x86 = Debug|x86
		Release|Any CPU = Release|Any CPU
		Release|ARM = Release|ARM
		Release|x64 = Release|x64
		Release|x86 = Release|x86
	EndGlobalSection
	GlobalSection(ProjectConfigurationPlatforms) = postSolution
		{8136052A-F13B-4599-B967-022A2709F09F}.Debug|Any CPU.ActiveCfg = Debug|Any CPU
		{8136052A-F13B-4599-B967-022A2709F09F}.Debug|Any CPU.Build.0 = Debug|Any CPU
		{8136052A-F13B-4599-B967-022A2709F09F}.Debug|ARM.ActiveCfg = Debug|Any CPU
		{8136052A-F13B-4599-B967-022A2709F09F}.Debug|ARM.Build.0 = Debug|Any CPU
		{8136052A-F13B-4599-B967-022A2709F09F}.Debug|x64.ActiveCfg = Debug|Any CPU
		{8136052A-F13B-4599-B967-022A2709F09F}.Debug|x64.Build.0 = Debug|Any CPU
		{8136052A-F13B-4599-B967-022A2709F09F}.Debug|x86.ActiveCfg = Debug|Any CPU
		{8136052A-F13B-4599-B967-022A2709F09F}.Debug|x86.Build.0 = Debug|Any CPU
		{8136052A-F13B-4599-B967-022A2709F09F}.Release|Any CPU.ActiveCfg = Release|Any CPU
		{8136052A-F13B-4599-B967-022A2709F09F}.Release|Any CPU.Build.0 = Release|Any CPU
		{8136052A-F13B-4599-B967-022A2709F09F}.Release|ARM.ActiveCfg = Release|Any CPU
		{8136052A-F13B-4599-B967-022A2709F09F}.Release|ARM.Build.0 = Release|Any CPU
		{8136052A-F13B-4599-B967-022A2709F09F}.Release|x64.ActiveCfg = Release|Any CPU
		{8136052A-F13B-4599-B967-022A2709F09F}.Release|x64.Build.0 = Release|Any CPU
		{8136052A-F13B-4599-B967-022A2709F09F}.Release|x86.ActiveCfg = Release|Any CPU
		{8136052A-F13B-4599-B967-022A2709F09F}.Release|x86.Build.0 = Release|Any CPU
		{C6F1F340-7AE8-458A-A4F1-51BD8C95FC77}.Debug|Any CPU.ActiveCfg = Debug|Any CPU
		{C6F1F340-7AE8-458A-A4F1-51BD8C95FC77}.Debug|Any CPU.Build.0 = Debug|Any CPU
		{C6F1F340-7AE8-458A-A4F1-51BD8C95FC77}.Debug|ARM.ActiveCfg = Debug|Any CPU
		{C6F1F340-7AE8-458A-A4F1-51BD8C95FC77}.Debug|ARM.Build.0 = Debug|Any CPU
		{C6F1F340-7AE8-458A-A4F1-51BD8C95FC77}.Debug|x64.ActiveCfg = Debug|Any CPU
		{C6F1F340-7AE8-458A-A4F1-51BD8C95FC77}.Debug|x64.Build.0 = Debug|Any CPU
		{C6F1F340-7AE8-458A-A4F1-51BD8C95FC77}.Debug|x86.ActiveCfg = Debug|Any CPU
		{C6F1F340-7AE8-458A-A4F1-51BD8C95FC77}.Debug|x86.Build.0 = Debug|Any CPU
		{C6F1F340-7AE8-458A-A4F1-51BD8C95FC77}.Release|Any CPU.ActiveCfg = Release|Any CPU
		{C6F1F340-7AE8-458A-A4F1-51BD8C95FC77}.Release|Any CPU.Build.0 = Release|Any CPU
		{C6F1F340-7AE8-458A-A4F1-51BD8C95FC77}.Release|ARM.ActiveCfg = Release|Any CPU
		{C6F1F340-7AE8-458A-A4F1-51BD8C95FC77}.Release|ARM.Build.0 = Release|Any CPU
		{C6F1F340-7AE8-458A-A4F1-51BD8C95FC77}.Release|x64.ActiveCfg = Release|Any CPU
		{C6F1F340-7AE8-458A-A4F1-51BD8C95FC77}.Release|x64.Build.0 = Release|Any CPU
		{C6F1F340-7AE8-458A-A4F1-51BD8C95FC77}.Release|x86.ActiveCfg = Release|Any CPU
		{C6F1F340-7AE8-458A-A4F1-51BD8C95FC77}.Release|x86.Build.0 = Release|Any CPU
	EndGlobalSection
	GlobalSection(SolutionProperties) = preSolution
		HideSolutionNode = FALSE
	EndGlobalSection
	GlobalSection(ExtensibilityGlobals) = postSolution
		SolutionGuid = {8E7F35C1-2660-4FE1-99EC-9E38ADE7E889}
	EndGlobalSection
EndGlobal
